
Microsoft Visual Studio Solution File, Format Version 12.00
# Visual Studio Version 16
VisualStudioVersion = 16.0.31025.194
MinimumVisualStudioVersion = 10.0.40219.1
Project("{FAE04EC0-301F-11D3-BF4B-00C04F79EFBC}") = "RPSLS", "RPSLS.csproj", "{0E70B8A5-E5CF-4A62-88F7-B50801A38478}"
EndProject
Global
	GlobalSection(SolutionConfigurationPlatforms) = preSolution
		Debug|Any CPU = Debug|Any CPU
		Release|Any CPU = Release|Any CPU
	EndGlobalSection
	GlobalSection(ProjectConfigurationPlatforms) = postSolution
		{0E70B8A5-E5CF-4A62-88F7-B50801A38478}.Debug|Any CPU.ActiveCfg = Debug|Any CPU
		{0E70B8A5-E5CF-4A62-88F7-B50801A38478}.Debug|Any CPU.Build.0 = Debug|Any CPU
		{0E70B8A5-E5CF-4A62-88F7-B50801A38478}.Release|Any CPU.ActiveCfg = Release|Any CPU
		{0E70B8A5-E5CF-4A62-88F7-B50801A38478}.Release|Any CPU.Build.0 = Release|Any CPU
	EndGlobalSection
	GlobalSection(SolutionProperties) = preSolution
		HideSolutionNode = FALSE
	EndGlobalSection
	GlobalSection(ExtensibilityGlobals) = postSolution
		SolutionGuid = {5E691FA5-DE10-456C-954C-01A2D11E6D63}
	EndGlobalSection
EndGlobal
